
Microsoft Visual Studio Solution File, Format Version 12.00
# Visual Studio Version 16
VisualStudioVersion = 16.0.29509.3
MinimumVisualStudioVersion = 10.0.40219.1
Project("{9A19103F-16F7-4668-BE54-9A1E7A4F7556}") = "Crafting", "src\CraftingSim\Crafting.csproj", "{02D6C6A0-9C17-4FC9-BBDA-DF480089AF07}"
EndProject
Project("{9A19103F-16F7-4668-BE54-9A1E7A4F7556}") = "Currency", "src\Currency\Currency.csproj", "{56788108-8DBD-4B47-B629-66BC3B0B928F}"
EndProject
Project("{9A19103F-16F7-4668-BE54-9A1E7A4F7556}") = "Data", "src\Data\Data.csproj", "{7E67E2A6-DA5F-46A0-824C-A537DB11B3AC}"
EndProject
Project("{9A19103F-16F7-4668-BE54-9A1E7A4F7556}") = "Entities", "src\Entities\Entities.csproj", "{2F3E944E-78E3-40C6-85B2-197CF43429AA}"
EndProject
Project("{2150E333-8FDC-42A3-9474-1A3956D46DE8}") = "src", "src", "{492A318D-4230-4F86-BE69-093C9FB9DFFA}"
EndProject
Project("{2150E333-8FDC-42A3-9474-1A3956D46DE8}") = "tst", "tst", "{BC0D1CDF-3C61-4969-903A-F9B4744E4168}"
EndProject
Project("{9A19103F-16F7-4668-BE54-9A1E7A4F7556}") = "CraftingTest", "tst\CraftingProcessTest\CraftingTest.csproj", "{FC9A5653-7AA9-41BC-BEE7-5E1A3C715B8D}"
EndProject
Project("{9A19103F-16F7-4668-BE54-9A1E7A4F7556}") = "DataTest", "tst\DataTest\DataTest.csproj", "{316BDC61-4802-4951-9608-6418959AEA7E}"
EndProject
Project("{9A19103F-16F7-4668-BE54-9A1E7A4F7556}") = "Simulator", "src\Simulator\Simulator.csproj", "{F222175A-5DBA-43FD-A47F-771D2D0AA2AF}"
EndProject
Project("{9A19103F-16F7-4668-BE54-9A1E7A4F7556}") = "SimulatorTest", "tst\SimulatorTest\SimulatorTest.csproj", "{FD87DD0E-E507-40F5-861A-52CD42255838}"
EndProject
Project("{9A19103F-16F7-4668-BE54-9A1E7A4F7556}") = "CurrencyTest", "tst\CurrencyTest\CurrencyTest.csproj", "{4CDE8875-5C4A-4DCB-8DF6-CA2C670E3843}"
EndProject
Global
	GlobalSection(SolutionConfigurationPlatforms) = preSolution
		Debug|Any CPU = Debug|Any CPU
		Release|Any CPU = Release|Any CPU
	EndGlobalSection
	GlobalSection(ProjectConfigurationPlatforms) = postSolution
		{02D6C6A0-9C17-4FC9-BBDA-DF480089AF07}.Debug|Any CPU.ActiveCfg = Debug|Any CPU
		{02D6C6A0-9C17-4FC9-BBDA-DF480089AF07}.Debug|Any CPU.Build.0 = Debug|Any CPU
		{02D6C6A0-9C17-4FC9-BBDA-DF480089AF07}.Release|Any CPU.ActiveCfg = Release|Any CPU
		{02D6C6A0-9C17-4FC9-BBDA-DF480089AF07}.Release|Any CPU.Build.0 = Release|Any CPU
		{56788108-8DBD-4B47-B629-66BC3B0B928F}.Debug|Any CPU.ActiveCfg = Debug|Any CPU
		{56788108-8DBD-4B47-B629-66BC3B0B928F}.Debug|Any CPU.Build.0 = Debug|Any CPU
		{56788108-8DBD-4B47-B629-66BC3B0B928F}.Release|Any CPU.ActiveCfg = Release|Any CPU
		{56788108-8DBD-4B47-B629-66BC3B0B928F}.Release|Any CPU.Build.0 = Release|Any CPU
		{7E67E2A6-DA5F-46A0-824C-A537DB11B3AC}.Debug|Any CPU.ActiveCfg = Debug|Any CPU
		{7E67E2A6-DA5F-46A0-824C-A537DB11B3AC}.Debug|Any CPU.Build.0 = Debug|Any CPU
		{7E67E2A6-DA5F-46A0-824C-A537DB11B3AC}.Release|Any CPU.ActiveCfg = Release|Any CPU
		{7E67E2A6-DA5F-46A0-824C-A537DB11B3AC}.Release|Any CPU.Build.0 = Release|Any CPU
		{2F3E944E-78E3-40C6-85B2-197CF43429AA}.Debug|Any CPU.ActiveCfg = Debug|Any CPU
		{2F3E944E-78E3-40C6-85B2-197CF43429AA}.Debug|Any CPU.Build.0 = Debug|Any CPU
		{2F3E944E-78E3-40C6-85B2-197CF43429AA}.Release|Any CPU.ActiveCfg = Release|Any CPU
		{2F3E944E-78E3-40C6-85B2-197CF43429AA}.Release|Any CPU.Build.0 = Release|Any CPU
		{FC9A5653-7AA9-41BC-BEE7-5E1A3C715B8D}.Debug|Any CPU.ActiveCfg = Debug|Any CPU
		{FC9A5653-7AA9-41BC-BEE7-5E1A3C715B8D}.Debug|Any CPU.Build.0 = Debug|Any CPU
		{FC9A5653-7AA9-41BC-BEE7-5E1A3C715B8D}.Release|Any CPU.ActiveCfg = Release|Any CPU
		{FC9A5653-7AA9-41BC-BEE7-5E1A3C715B8D}.Release|Any CPU.Build.0 = Release|Any CPU
		{316BDC61-4802-4951-9608-6418959AEA7E}.Debug|Any CPU.ActiveCfg = Debug|Any CPU
		{316BDC61-4802-4951-9608-6418959AEA7E}.Debug|Any CPU.Build.0 = Debug|Any CPU
		{316BDC61-4802-4951-9608-6418959AEA7E}.Release|Any CPU.ActiveCfg = Release|Any CPU
		{316BDC61-4802-4951-9608-6418959AEA7E}.Release|Any CPU.Build.0 = Release|Any CPU
		{F222175A-5DBA-43FD-A47F-771D2D0AA2AF}.Debug|Any CPU.ActiveCfg = Debug|Any CPU
		{F222175A-5DBA-43FD-A47F-771D2D0AA2AF}.Debug|Any CPU.Build.0 = Debug|Any CPU
		{F222175A-5DBA-43FD-A47F-771D2D0AA2AF}.Release|Any CPU.ActiveCfg = Release|Any CPU
		{F222175A-5DBA-43FD-A47F-771D2D0AA2AF}.Release|Any CPU.Build.0 = Release|Any CPU
		{FD87DD0E-E507-40F5-861A-52CD42255838}.Debug|Any CPU.ActiveCfg = Debug|Any CPU
		{FD87DD0E-E507-40F5-861A-52CD42255838}.Debug|Any CPU.Build.0 = Debug|Any CPU
		{FD87DD0E-E507-40F5-861A-52CD42255838}.Release|Any CPU.ActiveCfg = Release|Any CPU
		{FD87DD0E-E507-40F5-861A-52CD42255838}.Release|Any CPU.Build.0 = Release|Any CPU
		{4CDE8875-5C4A-4DCB-8DF6-CA2C670E3843}.Debug|Any CPU.ActiveCfg = Debug|Any CPU
		{4CDE8875-5C4A-4DCB-8DF6-CA2C670E3843}.Debug|Any CPU.Build.0 = Debug|Any CPU
		{4CDE8875-5C4A-4DCB-8DF6-CA2C670E3843}.Release|Any CPU.ActiveCfg = Release|Any CPU
		{4CDE8875-5C4A-4DCB-8DF6-CA2C670E3843}.Release|Any CPU.Build.0 = Release|Any CPU
	EndGlobalSection
	GlobalSection(SolutionProperties) = preSolution
		HideSolutionNode = FALSE
	EndGlobalSection
	GlobalSection(NestedProjects) = preSolution
		{02D6C6A0-9C17-4FC9-BBDA-DF480089AF07} = {492A318D-4230-4F86-BE69-093C9FB9DFFA}
		{56788108-8DBD-4B47-B629-66BC3B0B928F} = {492A318D-4230-4F86-BE69-093C9FB9DFFA}
		{7E67E2A6-DA5F-46A0-824C-A537DB11B3AC} = {492A318D-4230-4F86-BE69-093C9FB9DFFA}
		{2F3E944E-78E3-40C6-85B2-197CF43429AA} = {492A318D-4230-4F86-BE69-093C9FB9DFFA}
		{FC9A5653-7AA9-41BC-BEE7-5E1A3C715B8D} = {BC0D1CDF-3C61-4969-903A-F9B4744E4168}
		{316BDC61-4802-4951-9608-6418959AEA7E} = {BC0D1CDF-3C61-4969-903A-F9B4744E4168}
		{F222175A-5DBA-43FD-A47F-771D2D0AA2AF} = {492A318D-4230-4F86-BE69-093C9FB9DFFA}
		{FD87DD0E-E507-40F5-861A-52CD42255838} = {BC0D1CDF-3C61-4969-903A-F9B4744E4168}
		{4CDE8875-5C4A-4DCB-8DF6-CA2C670E3843} = {BC0D1CDF-3C61-4969-903A-F9B4744E4168}
	EndGlobalSection
	GlobalSection(ExtensibilityGlobals) = postSolution
		SolutionGuid = {C9CA7B48-654C-41E1-9163-353C80CEF030}
	EndGlobalSection
EndGlobal
